// !$*UTF8*$!
{
	archiveVersion = 1;
	classes = {
	};
	objectVersion = 77;
	objects = {

/* Begin PBXContainerItemProxy section */
		2954ECC82E25044600A82A93 /* PBXContainerItemProxy */ = {
			isa = PBXContainerItemProxy;
			containerPortal = 2954ECB12E25044400A82A93 /* Project object */;
			proxyType = 1;
			remoteGlobalIDString = 2954ECB82E25044400A82A93;
			remoteInfo = TypeCopier;
		};
		2954ECD22E25044600A82A93 /* PBXContainerItemProxy */ = {
			isa = PBXContainerItemProxy;
			containerPortal = 2954ECB12E25044400A82A93 /* Project object */;
			proxyType = 1;
			remoteGlobalIDString = 2954ECB82E25044400A82A93;
			remoteInfo = TypeCopier;
		};
/* End PBXContainerItemProxy section */

/* Begin PBXFileReference section */
		2954ECB92E25044400A82A93 /* TypeCopier.app */ = {isa = PBXFileReference; explicitFileType = wrapper.application; includeInIndex = 0; path = TypeCopier.app; sourceTree = BUILT_PRODUCTS_DIR; };
		2954ECC72E25044600A82A93 /* TypeCopierTests.xctest */ = {isa = PBXFileReference; explicitFileType = wrapper.cfbundle; includeInIndex = 0; path = TypeCopierTests.xctest; sourceTree = BUILT_PRODUCTS_DIR; };
		2954ECD12E25044600A82A93 /* TypeCopierUITests.xctest */ = {isa = PBXFileReference; explicitFileType = wrapper.cfbundle; includeInIndex = 0; path = TypeCopierUITests.xctest; sourceTree = BUILT_PRODUCTS_DIR; };
/* End PBXFileReference section */

/* Begin PBXFileSystemSynchronizedRootGroup section */
		2954ECBB2E25044400A82A93 /* TypeCopier */ = {
			isa = PBXFileSystemSynchronizedRootGroup;
			path = TypeCopier;
			sourceTree = "<group>";
		};
		2954ECCA2E25044600A82A93 /* TypeCopierTests */ = {
			isa = PBXFileSystemSynchronizedRootGroup;
			path = TypeCopierTests;
			sourceTree = "<group>";
		};
		2954ECD42E25044600A82A93 /* TypeCopierUITests */ = {
			isa = PBXFileSystemSynchronizedRootGroup;
			path = TypeCopierUITests;
			sourceTree = "<group>";
		};
/* End PBXFileSystemSynchronizedRootGroup section */

/* Begin PBXFrameworksBuildPhase section */
		2954ECB62E25044400A82A93 /* Frameworks */ = {
			isa = PBXFrameworksBuildPhase;
			buildActionMask = 2147483647;
			files = (
			);
			runOnlyForDeploymentPostprocessing = 0;
		};
		2954ECC42E25044600A82A93 /* Frameworks */ = {
			isa = PBXFrameworksBuildPhase;
			buildActionMask = 2147483647;
			files = (
			);
			runOnlyForDeploymentPostprocessing = 0;
		};
		2954ECCE2E25044600A82A93 /* Frameworks */ = {
			isa = PBXFrameworksBuildPhase;
			buildActionMask = 2147483647;
			files = (
			);
			runOnlyForDeploymentPostprocessing = 0;
		};
/* End PBXFrameworksBuildPhase section */

/* Begin PBXGroup section */
		2954ECB02E25044400A82A93 = {
			isa = PBXGroup;
			children = (
				2954ECBB2E25044400A82A93 /* TypeCopier */,
				2954ECCA2E25044600A82A93 /* TypeCopierTests */,
				2954ECD42E25044600A82A93 /* TypeCopierUITests */,
				2954ECBA2E25044400A82A93 /* Products */,
			);
			sourceTree = "<group>";
		};
		2954ECBA2E25044400A82A93 /* Products */ = {
			isa = PBXGroup;
			children = (
				2954ECB92E25044400A82A93 /* TypeCopier.app */,
				2954ECC72E25044600A82A93 /* TypeCopierTests.xctest */,
				2954ECD12E25044600A82A93 /* TypeCopierUITests.xctest */,
			);
			name = Products;
			sourceTree = "<group>";
		};
/* End PBXGroup section */

/* Begin PBXNativeTarget section */
		2954ECB82E25044400A82A93 /* TypeCopier */ = {
			isa = PBXNativeTarget;
			buildConfigurationList = 2954ECDB2E25044600A82A93 /* Build configuration list for PBXNativeTarget "TypeCopier" */;
			buildPhases = (
				2954ECB52E25044400A82A93 /* Sources */,
				2954ECB62E25044400A82A93 /* Frameworks */,
				2954ECB72E25044400A82A93 /* Resources */,
			);
			buildRules = (
			);
			dependencies = (
			);
			fileSystemSynchronizedGroups = (
				2954ECBB2E25044400A82A93 /* TypeCopier */,
			);
			name = TypeCopier;
			packageProductDependencies = (
			);
			productName = TypeCopier;
			productReference = 2954ECB92E25044400A82A93 /* TypeCopier.app */;
			productType = "com.apple.product-type.application";
		};
		2954ECC62E25044600A82A93 /* TypeCopierTests */ = {
			isa = PBXNativeTarget;
			buildConfigurationList = 2954ECDE2E25044600A82A93 /* Build configuration list for PBXNativeTarget "TypeCopierTests" */;
			buildPhases = (
				2954ECC32E25044600A82A93 /* Sources */,
				2954ECC42E25044600A82A93 /* Frameworks */,
				2954ECC52E25044600A82A93 /* Resources */,
			);
			buildRules = (
			);
			dependencies = (
				2954ECC92E25044600A82A93 /* PBXTargetDependency */,
			);
			fileSystemSynchronizedGroups = (
				2954ECCA2E25044600A82A93 /* TypeCopierTests */,
			);
			name = TypeCopierTests;
			packageProductDependencies = (
			);
			productName = TypeCopierTests;
			productReference = 2954ECC72E25044600A82A93 /* TypeCopierTests.xctest */;
			productType = "com.apple.product-type.bundle.unit-test";
		};
		2954ECD02E25044600A82A93 /* TypeCopierUITests */ = {
			isa = PBXNativeTarget;
			buildConfigurationList = 2954ECE12E25044600A82A93 /* Build configuration list for PBXNativeTarget "TypeCopierUITests" */;
			buildPhases = (
				2954ECCD2E25044600A82A93 /* Sources */,
				2954ECCE2E25044600A82A93 /* Frameworks */,
				2954ECCF2E25044600A82A93 /* Resources */,
			);
			buildRules = (
			);
			dependencies = (
				2954ECD32E25044600A82A93 /* PBXTargetDependency */,
			);
			fileSystemSynchronizedGroups = (
				2954ECD42E25044600A82A93 /* TypeCopierUITests */,
			);
			name = TypeCopierUITests;
			packageProductDependencies = (
			);
			productName = TypeCopierUITests;
			productReference = 2954ECD12E25044600A82A93 /* TypeCopierUITests.xctest */;
			productType = "com.apple.product-type.bundle.ui-testing";
		};
/* End PBXNativeTarget section */

/* Begin PBXProject section */
		2954ECB12E25044400A82A93 /* Project object */ = {
			isa = PBXProject;
			attributes = {
				BuildIndependentTargetsInParallel = 1;
				LastSwiftUpdateCheck = 1640;
				LastUpgradeCheck = 1640;
				TargetAttributes = {
					2954ECB82E25044400A82A93 = {
						CreatedOnToolsVersion = 16.4;
					};
					2954ECC62E25044600A82A93 = {
						CreatedOnToolsVersion = 16.4;
						TestTargetID = 2954ECB82E25044400A82A93;
					};
					2954ECD02E25044600A82A93 = {
						CreatedOnToolsVersion = 16.4;
						TestTargetID = 2954ECB82E25044400A82A93;
					};
				};
			};
			buildConfigurationList = 2954ECB42E25044400A82A93 /* Build configuration list for PBXProject "TypeCopier" */;
			developmentRegion = de;
			hasScannedForEncodings = 0;
			knownRegions = (
				en,
				Base,
				de,
			);
			mainGroup = 2954ECB02E25044400A82A93;
			minimizedProjectReferenceProxies = 1;
			preferredProjectObjectVersion = 77;
			productRefGroup = 2954ECBA2E25044400A82A93 /* Products */;
			projectDirPath = "";
			projectRoot = "";
			targets = (
				2954ECB82E25044400A82A93 /* TypeCopier */,
				2954ECC62E25044600A82A93 /* TypeCopierTests */,
				2954ECD02E25044600A82A93 /* TypeCopierUITests */,
			);
		};
/* End PBXProject section */

/* Begin PBXResourcesBuildPhase section */
		2954ECB72E25044400A82A93 /* Resources */ = {
			isa = PBXResourcesBuildPhase;
			buildActionMask = 2147483647;
			files = (
			);
			runOnlyForDeploymentPostprocessing = 0;
		};
		2954ECC52E25044600A82A93 /* Resources */ = {
			isa = PBXResourcesBuildPhase;
			buildActionMask = 2147483647;
			files = (
			);
			runOnlyForDeploymentPostprocessing = 0;
		};
		2954ECCF2E25044600A82A93 /* Resources */ = {
			isa = PBXResourcesBuildPhase;
			buildActionMask = 2147483647;
			files = (
			);
			runOnlyForDeploymentPostprocessing = 0;
		};
/* End PBXResourcesBuildPhase section */

/* Begin PBXSourcesBuildPhase section */
		2954ECB52E25044400A82A93 /* Sources */ = {
			isa = PBXSourcesBuildPhase;
			buildActionMask = 2147483647;
			files = (
			);
			runOnlyForDeploymentPostprocessing = 0;
		};
		2954ECC32E25044600A82A93 /* Sources */ = {
			isa = PBXSourcesBuildPhase;
			buildActionMask = 2147483647;
			files = (
			);
			runOnlyForDeploymentPostprocessing = 0;
		};
		2954ECCD2E25044600A82A93 /* Sources */ = {
			isa = PBXSourcesBuildPhase;
			buildActionMask = 2147483647;
			files = (
			);
			runOnlyForDeploymentPostprocessing = 0;
		};
/* End PBXSourcesBuildPhase section */

/* Begin PBXTargetDependency section */
		2954ECC92E25044600A82A93 /* PBXTargetDependency */ = {
			isa = PBXTargetDependency;
			target = 2954ECB82E25044400A82A93 /* TypeCopier */;
			targetProxy = 2954ECC82E25044600A82A93 /* PBXContainerItemProxy */;
		};
		2954ECD32E25044600A82A93 /* PBXTargetDependency */ = {
			isa = PBXTargetDependency;
			target = 2954ECB82E25044400A82A93 /* TypeCopier */;
			targetProxy = 2954ECD22E25044600A82A93 /* PBXContainerItemProxy */;
		};
/* End PBXTargetDependency section */

/* Begin XCBuildConfiguration section */
		2954ECD92E25044600A82A93 /* Debug */ = {
			isa = XCBuildConfiguration;
			buildSettings = {
				ALWAYS_SEARCH_USER_PATHS = NO;
				ASSETCATALOG_COMPILER_GENERATE_SWIFT_ASSET_SYMBOL_EXTENSIONS = YES;
				CLANG_ANALYZER_NONNULL = YES;
				CLANG_ANALYZER_NUMBER_OBJECT_CONVERSION = YES_AGGRESSIVE;
				CLANG_CXX_LANGUAGE_STANDARD = "gnu++20";
				CLANG_ENABLE_MODULES = YES;
				CLANG_ENABLE_OBJC_ARC = YES;
				CLANG_ENABLE_OBJC_WEAK = YES;
				CLANG_WARN_BLOCK_CAPTURE_AUTORELEASING = YES;
				CLANG_WARN_BOOL_CONVERSION = YES;
				CLANG_WARN_COMMA = YES;
				CLANG_WARN_CONSTANT_CONVERSION = YES;
				CLANG_WARN_DEPRECATED_OBJC_IMPLEMENTATIONS = YES;
				CLANG_WARN_DIRECT_OBJC_ISA_USAGE = YES_ERROR;
				CLANG_WARN_DOCUMENTATION_COMMENTS = YES;
				CLANG_WARN_EMPTY_BODY = YES;
				CLANG_WARN_ENUM_CONVERSION = YES;
				CLANG_WARN_INFINITE_RECURSION = YES;
				CLANG_WARN_INT_CONVERSION = YES;
				CLANG_WARN_NON_LITERAL_NULL_CONVERSION = YES;
				CLANG_WARN_OBJC_IMPLICIT_RETAIN_SELF = YES;
				CLANG_WARN_OBJC_LITERAL_CONVERSION = YES;
				CLANG_WARN_OBJC_ROOT_CLASS = YES_ERROR;
				CLANG_WARN_QUOTED_INCLUDE_IN_FRAMEWORK_HEADER = YES;
				CLANG_WARN_RANGE_LOOP_ANALYSIS = YES;
				CLANG_WARN_STRICT_PROTOTYPES = YES;
				CLANG_WARN_SUSPICIOUS_MOVE = YES;
				CLANG_WARN_UNGUARDED_AVAILABILITY = YES_AGGRESSIVE;
				CLANG_WARN_UNREACHABLE_CODE = YES;
				CLANG_WARN__DUPLICATE_METHOD_MATCH = YES;
				COPY_PHASE_STRIP = NO;
				DEBUG_INFORMATION_FORMAT = dwarf;
				ENABLE_STRICT_OBJC_MSGSEND = YES;
				ENABLE_TESTABILITY = YES;
				ENABLE_USER_SCRIPT_SANDBOXING = YES;
				GCC_C_LANGUAGE_STANDARD = gnu17;
				GCC_DYNAMIC_NO_PIC = NO;
				GCC_NO_COMMON_BLOCKS = YES;
				GCC_OPTIMIZATION_LEVEL = 0;
				GCC_PREPROCESSOR_DEFINITIONS = (
					"DEBUG=1",
					"$(inherited)",
				);
				GCC_WARN_64_TO_32_BIT_CONVERSION = YES;
				GCC_WARN_ABOUT_RETURN_TYPE = YES_ERROR;
				GCC_WARN_UNDECLARED_SELECTOR = YES;
				GCC_WARN_UNINITIALIZED_AUTOS = YES_AGGRESSIVE;
				GCC_WARN_UNUSED_FUNCTION = YES;
				GCC_WARN_UNUSED_VARIABLE = YES;
				LOCALIZATION_PREFERS_STRING_CATALOGS = YES;
				MACOSX_DEPLOYMENT_TARGET = 15.5;
				MTL_ENABLE_DEBUG_INFO = INCLUDE_SOURCE;
				MTL_FAST_MATH = YES;
				ONLY_ACTIVE_ARCH = YES;
				SDKROOT = macosx;
				SWIFT_ACTIVE_COMPILATION_CONDITIONS = "DEBUG $(inherited)";
				SWIFT_OPTIMIZATION_LEVEL = "-Onone";
			};
			name = Debug;
		};
		2954ECDA2E25044600A82A93 /* Release */ = {
			isa = XCBuildConfiguration;
			buildSettings = {
				ALWAYS_SEARCH_USER_PATHS = NO;
				ASSETCATALOG_COMPILER_GENERATE_SWIFT_ASSET_SYMBOL_EXTENSIONS = YES;
				CLANG_ANALYZER_NONNULL = YES;
				CLANG_ANALYZER_NUMBER_OBJECT_CONVERSION = YES_AGGRESSIVE;
				CLANG_CXX_LANGUAGE_STANDARD = "gnu++20";
				CLANG_ENABLE_MODULES = YES;
				CLANG_ENABLE_OBJC_ARC = YES;
				CLANG_ENABLE_OBJC_WEAK = YES;
				CLANG_WARN_BLOCK_CAPTURE_AUTORELEASING = YES;
				CLANG_WARN_BOOL_CONVERSION = YES;
				CLANG_WARN_COMMA = YES;
				CLANG_WARN_CONSTANT_CONVERSION = YES;
				CLANG_WARN_DEPRECATED_OBJC_IMPLEMENTATIONS = YES;
				CLANG_WARN_DIRECT_OBJC_ISA_USAGE = YES_ERROR;
				CLANG_WARN_DOCUMENTATION_COMMENTS = YES;
				CLANG_WARN_EMPTY_BODY = YES;
				CLANG_WARN_ENUM_CONVERSION = YES;
				CLANG_WARN_INFINITE_RECURSION = YES;
				CLANG_WARN_INT_CONVERSION = YES;
				CLANG_WARN_NON_LITERAL_NULL_CONVERSION = YES;
				CLANG_WARN_OBJC_IMPLICIT_RETAIN_SELF = YES;
				CLANG_WARN_OBJC_LITERAL_CONVERSION = YES;
				CLANG_WARN_OBJC_ROOT_CLASS = YES_ERROR;
				CLANG_WARN_QUOTED_INCLUDE_IN_FRAMEWORK_HEADER = YES;
				CLANG_WARN_RANGE_LOOP_ANALYSIS = YES;
				CLANG_WARN_STRICT_PROTOTYPES = YES;
				CLANG_WARN_SUSPICIOUS_MOVE = YES;
				CLANG_WARN_UNGUARDED_AVAILABILITY = YES_AGGRESSIVE;
				CLANG_WARN_UNREACHABLE_CODE = YES;
				CLANG_WARN__DUPLICATE_METHOD_MATCH = YES;
				COPY_PHASE_STRIP = NO;
				DEBUG_INFORMATION_FORMAT = "dwarf-with-dsym";
				ENABLE_NS_ASSERTIONS = NO;
				ENABLE_STRICT_OBJC_MSGSEND = YES;
				ENABLE_USER_SCRIPT_SANDBOXING = YES;
				GCC_C_LANGUAGE_STANDARD = gnu17;
				GCC_NO_COMMON_BLOCKS = YES;
				GCC_WARN_64_TO_32_BIT_CONVERSION = YES;
				GCC_WARN_ABOUT_RETURN_TYPE = YES_ERROR;
				GCC_WARN_UNDECLARED_SELECTOR = YES;
				GCC_WARN_UNINITIALIZED_AUTOS = YES_AGGRESSIVE;
				GCC_WARN_UNUSED_FUNCTION = YES;
				GCC_WARN_UNUSED_VARIABLE = YES;
				LOCALIZATION_PREFERS_STRING_CATALOGS = YES;
				MACOSX_DEPLOYMENT_TARGET = 15.5;
				MTL_ENABLE_DEBUG_INFO = NO;
				MTL_FAST_MATH = YES;
				SDKROOT = macosx;
				SWIFT_COMPILATION_MODE = wholemodule;
			};
			name = Release;
		};
		2954ECDC2E25044600A82A93 /* Debug */ = {
			isa = XCBuildConfiguration;
			buildSettings = {
				ASSETCATALOG_COMPILER_APPICON_NAME = AppIcon;
				ASSETCATALOG_COMPILER_GLOBAL_ACCENT_COLOR_NAME = AccentColor;
				CODE_SIGN_ENTITLEMENTS = TypeCopier/TypeCopier.entitlements;
				CODE_SIGN_STYLE = Automatic;
				COMBINE_HIDPI_IMAGES = YES;
				CURRENT_PROJECT_VERSION = 1;
				ENABLE_PREVIEWS = YES;
				GENERATE_INFOPLIST_FILE = YES;
				INFOPLIST_KEY_NSHumanReadableCopyright = "";
				LD_RUNPATH_SEARCH_PATHS = (
					"$(inherited)",
					"@executable_path/../Frameworks",
				);
				MARKETING_VERSION = 1.0;
				PRODUCT_BUNDLE_IDENTIFIER = de.gleispost.TypeCopier;
				PRODUCT_NAME = "$(TARGET_NAME)";
				REGISTER_APP_GROUPS = YES;
				SWIFT_EMIT_LOC_STRINGS = YES;
				SWIFT_VERSION = 5.0;
			};
			name = Debug;
		};
		2954ECDD2E25044600A82A93 /* Release */ = {
			isa = XCBuildConfiguration;
			buildSettings = {
				ASSETCATALOG_COMPILER_APPICON_NAME = AppIcon;
				ASSETCATALOG_COMPILER_GLOBAL_ACCENT_COLOR_NAME = AccentColor;
				CODE_SIGN_ENTITLEMENTS = TypeCopier/TypeCopier.entitlements;
				CODE_SIGN_STYLE = Automatic;
				COMBINE_HIDPI_IMAGES = YES;
				CURRENT_PROJECT_VERSION = 1;
				ENABLE_PREVIEWS = YES;
				GENERATE_INFOPLIST_FILE = YES;
				INFOPLIST_KEY_NSHumanReadableCopyright = "";
				LD_RUNPATH_SEARCH_PATHS = (
					"$(inherited)",
					"@executable_path/../Frameworks",
				);
				MARKETING_VERSION = 1.0;
				PRODUCT_BUNDLE_IDENTIFIER = de.gleispost.TypeCopier;
				PRODUCT_NAME = "$(TARGET_NAME)";
				REGISTER_APP_GROUPS = YES;
				SWIFT_EMIT_LOC_STRINGS = YES;
				SWIFT_VERSION = 5.0;
			};
			name = Release;
		};
		2954ECDF2E25044600A82A93 /* Debug */ = {
			isa = XCBuildConfiguration;
			buildSettings = {
				BUNDLE_LOADER = "$(TEST_HOST)";
				CODE_SIGN_STYLE = Automatic;
				CURRENT_PROJECT_VERSION = 1;
				GENERATE_INFOPLIST_FILE = YES;
				MACOSX_DEPLOYMENT_TARGET = 15.5;
				MARKETING_VERSION = 1.0;
				PRODUCT_BUNDLE_IDENTIFIER = de.gleispost.TypeCopierTests;
				PRODUCT_NAME = "$(TARGET_NAME)";
				SWIFT_EMIT_LOC_STRINGS = NO;
				SWIFT_VERSION = 5.0;
				TEST_HOST = "$(BUILT_PRODUCTS_DIR)/TypeCopier.app/$(BUNDLE_EXECUTABLE_FOLDER_PATH)/TypeCopier";
			};
			name = Debug;
		};
		2954ECE02E25044600A82A93 /* Release */ = {
			isa = XCBuildConfiguration;
			buildSettings = {
				BUNDLE_LOADER = "$(TEST_HOST)";
				CODE_SIGN_STYLE = Automatic;
				CURRENT_PROJECT_VERSION = 1;
				GENERATE_INFOPLIST_FILE = YES;
				MACOSX_DEPLOYMENT_TARGET = 15.5;
				MARKETING_VERSION = 1.0;
				PRODUCT_BUNDLE_IDENTIFIER = de.gleispost.TypeCopierTests;
				PRODUCT_NAME = "$(TARGET_NAME)";
				SWIFT_EMIT_LOC_STRINGS = NO;
				SWIFT_VERSION = 5.0;
				TEST_HOST = "$(BUILT_PRODUCTS_DIR)/TypeCopier.app/$(BUNDLE_EXECUTABLE_FOLDER_PATH)/TypeCopier";
			};
			name = Release;
		};
		2954ECE22E25044600A82A93 /* Debug */ = {
			isa = XCBuildConfiguration;
			buildSettings = {
				CODE_SIGN_STYLE = Automatic;
				CURRENT_PROJECT_VERSION = 1;
				GENERATE_INFOPLIST_FILE = YES;
				MARKETING_VERSION = 1.0;
				PRODUCT_BUNDLE_IDENTIFIER = de.gleispost.TypeCopierUITests;
				PRODUCT_NAME = "$(TARGET_NAME)";
				SWIFT_EMIT_LOC_STRINGS = NO;
				SWIFT_VERSION = 5.0;
				TEST_TARGET_NAME = TypeCopier;
			};
			name = Debug;
		};
		2954ECE32E25044600A82A93 /* Release */ = {
			isa = XCBuildConfiguration;
			buildSettings = {
				CODE_SIGN_STYLE = Automatic;
				CURRENT_PROJECT_VERSION = 1;
				GENERATE_INFOPLIST_FILE = YES;
				MARKETING_VERSION = 1.0;
				PRODUCT_BUNDLE_IDENTIFIER = de.gleispost.TypeCopierUITests;
				PRODUCT_NAME = "$(TARGET_NAME)";
				SWIFT_EMIT_LOC_STRINGS = NO;
				SWIFT_VERSION = 5.0;
				TEST_TARGET_NAME = TypeCopier;
			};
			name = Release;
		};
/* End XCBuildConfiguration section */

/* Begin XCConfigurationList section */
		2954ECB42E25044400A82A93 /* Build configuration list for PBXProject "TypeCopier" */ = {
			isa = XCConfigurationList;
			buildConfigurations = (
				2954ECD92E25044600A82A93 /* Debug */,
				2954ECDA2E25044600A82A93 /* Release */,
			);
			defaultConfigurationIsVisible = 0;
			defaultConfigurationName = Release;
		};
		2954ECDB2E25044600A82A93 /* Build configuration list for PBXNativeTarget "TypeCopier" */ = {
			isa = XCConfigurationList;
			buildConfigurations = (
				2954ECDC2E25044600A82A93 /* Debug */,
				2954ECDD2E25044600A82A93 /* Release */,
			);
			defaultConfigurationIsVisible = 0;
			defaultConfigurationName = Release;
		};
		2954ECDE2E25044600A82A93 /* Build configuration list for PBXNativeTarget "TypeCopierTests" */ = {
			isa = XCConfigurationList;
			buildConfigurations = (
				2954ECDF2E25044600A82A93 /* Debug */,
				2954ECE02E25044600A82A93 /* Release */,
			);
			defaultConfigurationIsVisible = 0;
			defaultConfigurationName = Release;
		};
		2954ECE12E25044600A82A93 /* Build configuration list for PBXNativeTarget "TypeCopierUITests" */ = {
			isa = XCConfigurationList;
			buildConfigurations = (
				2954ECE22E25044600A82A93 /* Debug */,
				2954ECE32E25044600A82A93 /* Release */,
			);
			defaultConfigurationIsVisible = 0;
			defaultConfigurationName = Release;
		};
/* End XCConfigurationList section */
	};
	rootObject = 2954ECB12E25044400A82A93 /* Project object */;
}
